
Microsoft Visual Studio Solution File, Format Version 12.00
# Visual Studio Version 16
VisualStudioVersion = 16.0.29409.12
MinimumVisualStudioVersion = 10.0.40219.1
Project("{2150E333-8FDC-42A3-9474-1A3956D46DE8}") = "src", "src", "{5B1F3625-13E1-43D7-88C8-CF8C5BEC0A1A}"
EndProject
Project("{2150E333-8FDC-42A3-9474-1A3956D46DE8}") = "test", "test", "{59BADFBF-264D-4D7F-876D-74DA237253CA}"
EndProject
Project("{9A19103F-16F7-4668-BE54-9A1E7A4F7556}") = "DND.UserInterfaceTests", "test\DND.UserInterfaceTests\DND.UserInterfaceTests.csproj", "{23C33994-BB35-4F5A-AE28-93CC778E78DA}"
EndProject
Project("{9A19103F-16F7-4668-BE54-9A1E7A4F7556}") = "DND.UnitTests", "test\DND.UnitTests\DND.UnitTests.csproj", "{D216BDD1-7F1E-456D-A81E-F08C90F948F0}"
EndProject
Project("{9A19103F-16F7-4668-BE54-9A1E7A4F7556}") = "DND.IntegrationTests", "test\DND.IntegrationTests\DND.IntegrationTests.csproj", "{AD1EBF86-EDA1-47BA-B32E-4C37A5E5FD90}"
EndProject
Project("{9A19103F-16F7-4668-BE54-9A1E7A4F7556}") = "AspNetCore.Testing", "src\AspNetCore.Testing\AspNetCore.Testing.csproj", "{6C1A1FA3-F3BB-479F-B6FA-33412218F3EE}"
EndProject
Project("{9A19103F-16F7-4668-BE54-9A1E7A4F7556}") = "DND.Application", "src\DND.Application\DND.Application.csproj", "{B6FF946B-E541-477A-9DA8-44930E843CAB}"
EndProject
Project("{9A19103F-16F7-4668-BE54-9A1E7A4F7556}") = "DND.Data", "src\DND.Data\DND.Data.csproj", "{A9790AD9-8C77-4B30-9235-399A8D511196}"
EndProject
Project("{9A19103F-16F7-4668-BE54-9A1E7A4F7556}") = "DND.Data.Identity", "src\DND.Data.Identity\DND.Data.Identity.csproj", "{F4092B18-AAF6-48D7-A348-CF781F9677F1}"
EndProject
Project("{9A19103F-16F7-4668-BE54-9A1E7A4F7556}") = "DND.Domain", "src\DND.Domain\DND.Domain.csproj", "{4573645E-D0D9-4261-9B48-92D218430039}"
EndProject
Project("{9A19103F-16F7-4668-BE54-9A1E7A4F7556}") = "DND.IDP", "src\DND.IDP\DND.IDP.csproj", "{29E9010E-0C6E-4110-991A-E5CEDB84A40C}"
EndProject
Project("{9A19103F-16F7-4668-BE54-9A1E7A4F7556}") = "DND.Web", "src\DND.Web\DND.Web.csproj", "{03E9A0AD-B9A7-4C4D-BFC6-DE6A3A2A96A1}"
EndProject
Project("{2150E333-8FDC-42A3-9474-1A3956D46DE8}") = "Solution Items", "Solution Items", "{19530802-1D22-42B2-90EA-3B45945E7A7E}"
	ProjectSection(SolutionItems) = preProject
		README.md = README.md
	EndProjectSection
EndProject
Global
	GlobalSection(SolutionConfigurationPlatforms) = preSolution
		Debug|Any CPU = Debug|Any CPU
		Debug|x86 = Debug|x86
		Release|Any CPU = Release|Any CPU
		Release|x86 = Release|x86
	EndGlobalSection
	GlobalSection(ProjectConfigurationPlatforms) = postSolution
		{23C33994-BB35-4F5A-AE28-93CC778E78DA}.Debug|Any CPU.ActiveCfg = Debug|Any CPU
		{23C33994-BB35-4F5A-AE28-93CC778E78DA}.Debug|Any CPU.Build.0 = Debug|Any CPU
		{23C33994-BB35-4F5A-AE28-93CC778E78DA}.Debug|x86.ActiveCfg = Debug|Any CPU
		{23C33994-BB35-4F5A-AE28-93CC778E78DA}.Debug|x86.Build.0 = Debug|Any CPU
		{23C33994-BB35-4F5A-AE28-93CC778E78DA}.Release|Any CPU.ActiveCfg = Release|Any CPU
		{23C33994-BB35-4F5A-AE28-93CC778E78DA}.Release|Any CPU.Build.0 = Release|Any CPU
		{23C33994-BB35-4F5A-AE28-93CC778E78DA}.Release|x86.ActiveCfg = Release|Any CPU
		{23C33994-BB35-4F5A-AE28-93CC778E78DA}.Release|x86.Build.0 = Release|Any CPU
		{D216BDD1-7F1E-456D-A81E-F08C90F948F0}.Debug|Any CPU.ActiveCfg = Debug|Any CPU
		{D216BDD1-7F1E-456D-A81E-F08C90F948F0}.Debug|Any CPU.Build.0 = Debug|Any CPU
		{D216BDD1-7F1E-456D-A81E-F08C90F948F0}.Debug|x86.ActiveCfg = Debug|Any CPU
		{D216BDD1-7F1E-456D-A81E-F08C90F948F0}.Debug|x86.Build.0 = Debug|Any CPU
		{D216BDD1-7F1E-456D-A81E-F08C90F948F0}.Release|Any CPU.ActiveCfg = Release|Any CPU
		{D216BDD1-7F1E-456D-A81E-F08C90F948F0}.Release|Any CPU.Build.0 = Release|Any CPU
		{D216BDD1-7F1E-456D-A81E-F08C90F948F0}.Release|x86.ActiveCfg = Release|Any CPU
		{D216BDD1-7F1E-456D-A81E-F08C90F948F0}.Release|x86.Build.0 = Release|Any CPU
		{AD1EBF86-EDA1-47BA-B32E-4C37A5E5FD90}.Debug|Any CPU.ActiveCfg = Debug|Any CPU
		{AD1EBF86-EDA1-47BA-B32E-4C37A5E5FD90}.Debug|Any CPU.Build.0 = Debug|Any CPU
		{AD1EBF86-EDA1-47BA-B32E-4C37A5E5FD90}.Debug|x86.ActiveCfg = Debug|Any CPU
		{AD1EBF86-EDA1-47BA-B32E-4C37A5E5FD90}.Debug|x86.Build.0 = Debug|Any CPU
		{AD1EBF86-EDA1-47BA-B32E-4C37A5E5FD90}.Release|Any CPU.ActiveCfg = Release|Any CPU
		{AD1EBF86-EDA1-47BA-B32E-4C37A5E5FD90}.Release|Any CPU.Build.0 = Release|Any CPU
		{AD1EBF86-EDA1-47BA-B32E-4C37A5E5FD90}.Release|x86.ActiveCfg = Release|Any CPU
		{AD1EBF86-EDA1-47BA-B32E-4C37A5E5FD90}.Release|x86.Build.0 = Release|Any CPU
		{6C1A1FA3-F3BB-479F-B6FA-33412218F3EE}.Debug|Any CPU.ActiveCfg = Debug|Any CPU
		{6C1A1FA3-F3BB-479F-B6FA-33412218F3EE}.Debug|Any CPU.Build.0 = Debug|Any CPU
		{6C1A1FA3-F3BB-479F-B6FA-33412218F3EE}.Debug|x86.ActiveCfg = Debug|Any CPU
		{6C1A1FA3-F3BB-479F-B6FA-33412218F3EE}.Debug|x86.Build.0 = Debug|Any CPU
		{6C1A1FA3-F3BB-479F-B6FA-33412218F3EE}.Release|Any CPU.ActiveCfg = Release|Any CPU
		{6C1A1FA3-F3BB-479F-B6FA-33412218F3EE}.Release|Any CPU.Build.0 = Release|Any CPU
		{6C1A1FA3-F3BB-479F-B6FA-33412218F3EE}.Release|x86.ActiveCfg = Release|Any CPU
		{6C1A1FA3-F3BB-479F-B6FA-33412218F3EE}.Release|x86.Build.0 = Release|Any CPU
		{B6FF946B-E541-477A-9DA8-44930E843CAB}.Debug|Any CPU.ActiveCfg = Debug|Any CPU
		{B6FF946B-E541-477A-9DA8-44930E843CAB}.Debug|Any CPU.Build.0 = Debug|Any CPU
		{B6FF946B-E541-477A-9DA8-44930E843CAB}.Debug|x86.ActiveCfg = Debug|Any CPU
		{B6FF946B-E541-477A-9DA8-44930E843CAB}.Debug|x86.Build.0 = Debug|Any CPU
		{B6FF946B-E541-477A-9DA8-44930E843CAB}.Release|Any CPU.ActiveCfg = Release|Any CPU
		{B6FF946B-E541-477A-9DA8-44930E843CAB}.Release|Any CPU.Build.0 = Release|Any CPU
		{B6FF946B-E541-477A-9DA8-44930E843CAB}.Release|x86.ActiveCfg = Release|Any CPU
		{B6FF946B-E541-477A-9DA8-44930E843CAB}.Release|x86.Build.0 = Release|Any CPU
		{A9790AD9-8C77-4B30-9235-399A8D511196}.Debug|Any CPU.ActiveCfg = Debug|Any CPU
		{A9790AD9-8C77-4B30-9235-399A8D511196}.Debug|Any CPU.Build.0 = Debug|Any CPU
		{A9790AD9-8C77-4B30-9235-399A8D511196}.Debug|x86.ActiveCfg = Debug|Any CPU
		{A9790AD9-8C77-4B30-9235-399A8D511196}.Debug|x86.Build.0 = Debug|Any CPU
		{A9790AD9-8C77-4B30-9235-399A8D511196}.Release|Any CPU.ActiveCfg = Release|Any CPU
		{A9790AD9-8C77-4B30-9235-399A8D511196}.Release|Any CPU.Build.0 = Release|Any CPU
		{A9790AD9-8C77-4B30-9235-399A8D511196}.Release|x86.ActiveCfg = Release|Any CPU
		{A9790AD9-8C77-4B30-9235-399A8D511196}.Release|x86.Build.0 = Release|Any CPU
		{F4092B18-AAF6-48D7-A348-CF781F9677F1}.Debug|Any CPU.ActiveCfg = Debug|Any CPU
		{F4092B18-AAF6-48D7-A348-CF781F9677F1}.Debug|Any CPU.Build.0 = Debug|Any CPU
		{F4092B18-AAF6-48D7-A348-CF781F9677F1}.Debug|x86.ActiveCfg = Debug|Any CPU
		{F4092B18-AAF6-48D7-A348-CF781F9677F1}.Debug|x86.Build.0 = Debug|Any CPU
		{F4092B18-AAF6-48D7-A348-CF781F9677F1}.Release|Any CPU.ActiveCfg = Release|Any CPU
		{F4092B18-AAF6-48D7-A348-CF781F9677F1}.Release|Any CPU.Build.0 = Release|Any CPU
		{F4092B18-AAF6-48D7-A348-CF781F9677F1}.Release|x86.ActiveCfg = Release|Any CPU
		{F4092B18-AAF6-48D7-A348-CF781F9677F1}.Release|x86.Build.0 = Release|Any CPU
		{4573645E-D0D9-4261-9B48-92D218430039}.Debug|Any CPU.ActiveCfg = Debug|Any CPU
		{4573645E-D0D9-4261-9B48-92D218430039}.Debug|Any CPU.Build.0 = Debug|Any CPU
		{4573645E-D0D9-4261-9B48-92D218430039}.Debug|x86.ActiveCfg = Debug|Any CPU
		{4573645E-D0D9-4261-9B48-92D218430039}.Debug|x86.Build.0 = Debug|Any CPU
		{4573645E-D0D9-4261-9B48-92D218430039}.Release|Any CPU.ActiveCfg = Release|Any CPU
		{4573645E-D0D9-4261-9B48-92D218430039}.Release|Any CPU.Build.0 = Release|Any CPU
		{4573645E-D0D9-4261-9B48-92D218430039}.Release|x86.ActiveCfg = Release|Any CPU
		{4573645E-D0D9-4261-9B48-92D218430039}.Release|x86.Build.0 = Release|Any CPU
		{29E9010E-0C6E-4110-991A-E5CEDB84A40C}.Debug|Any CPU.ActiveCfg = Debug|Any CPU
		{29E9010E-0C6E-4110-991A-E5CEDB84A40C}.Debug|Any CPU.Build.0 = Debug|Any CPU
		{29E9010E-0C6E-4110-991A-E5CEDB84A40C}.Debug|x86.ActiveCfg = Debug|x86
		{29E9010E-0C6E-4110-991A-E5CEDB84A40C}.Debug|x86.Build.0 = Debug|x86
		{29E9010E-0C6E-4110-991A-E5CEDB84A40C}.Release|Any CPU.ActiveCfg = Release|Any CPU
		{29E9010E-0C6E-4110-991A-E5CEDB84A40C}.Release|Any CPU.Build.0 = Release|Any CPU
		{29E9010E-0C6E-4110-991A-E5CEDB84A40C}.Release|x86.ActiveCfg = Release|x86
		{29E9010E-0C6E-4110-991A-E5CEDB84A40C}.Release|x86.Build.0 = Release|x86
		{03E9A0AD-B9A7-4C4D-BFC6-DE6A3A2A96A1}.Debug|Any CPU.ActiveCfg = Debug|Any CPU
		{03E9A0AD-B9A7-4C4D-BFC6-DE6A3A2A96A1}.Debug|Any CPU.Build.0 = Debug|Any CPU
		{03E9A0AD-B9A7-4C4D-BFC6-DE6A3A2A96A1}.Debug|x86.ActiveCfg = Debug|Any CPU
		{03E9A0AD-B9A7-4C4D-BFC6-DE6A3A2A96A1}.Debug|x86.Build.0 = Debug|Any CPU
		{03E9A0AD-B9A7-4C4D-BFC6-DE6A3A2A96A1}.Release|Any CPU.ActiveCfg = Release|Any CPU
		{03E9A0AD-B9A7-4C4D-BFC6-DE6A3A2A96A1}.Release|Any CPU.Build.0 = Release|Any CPU
		{03E9A0AD-B9A7-4C4D-BFC6-DE6A3A2A96A1}.Release|x86.ActiveCfg = Release|Any CPU
		{03E9A0AD-B9A7-4C4D-BFC6-DE6A3A2A96A1}.Release|x86.Build.0 = Release|Any CPU
	EndGlobalSection
	GlobalSection(SolutionProperties) = preSolution
		HideSolutionNode = FALSE
	EndGlobalSection
	GlobalSection(NestedProjects) = preSolution
		{23C33994-BB35-4F5A-AE28-93CC778E78DA} = {59BADFBF-264D-4D7F-876D-74DA237253CA}
		{D216BDD1-7F1E-456D-A81E-F08C90F948F0} = {59BADFBF-264D-4D7F-876D-74DA237253CA}
		{AD1EBF86-EDA1-47BA-B32E-4C37A5E5FD90} = {59BADFBF-264D-4D7F-876D-74DA237253CA}
		{6C1A1FA3-F3BB-479F-B6FA-33412218F3EE} = {59BADFBF-264D-4D7F-876D-74DA237253CA}
		{B6FF946B-E541-477A-9DA8-44930E843CAB} = {5B1F3625-13E1-43D7-88C8-CF8C5BEC0A1A}
		{A9790AD9-8C77-4B30-9235-399A8D511196} = {5B1F3625-13E1-43D7-88C8-CF8C5BEC0A1A}
		{F4092B18-AAF6-48D7-A348-CF781F9677F1} = {5B1F3625-13E1-43D7-88C8-CF8C5BEC0A1A}
		{4573645E-D0D9-4261-9B48-92D218430039} = {5B1F3625-13E1-43D7-88C8-CF8C5BEC0A1A}
		{29E9010E-0C6E-4110-991A-E5CEDB84A40C} = {5B1F3625-13E1-43D7-88C8-CF8C5BEC0A1A}
		{03E9A0AD-B9A7-4C4D-BFC6-DE6A3A2A96A1} = {5B1F3625-13E1-43D7-88C8-CF8C5BEC0A1A}
	EndGlobalSection
	GlobalSection(ExtensibilityGlobals) = postSolution
		SolutionGuid = {3945DF73-8661-484D-9C26-52B85EE718F0}
	EndGlobalSection
EndGlobal
